# THIS IS AN AUTOGENERATED FILE. DO NOT EDIT THIS FILE DIRECTLY.
# yarn lockfile v1


"@maika.xyz/eris-utils@0.0.2":
  version "0.0.2"
  resolved "https://registry.yarnpkg.com/@maika.xyz/eris-utils/-/eris-utils-0.0.2.tgz#2761404b39cc255d379380f9dea5bc4dffc3d208"
  integrity sha512-i64YB9YVoTCg7i1S+e5sVCnzUGJ3mQ5pdyfoQ5O46cTKiYxYoPEKfj7dp09dv+cJpnFIYpHeXUD/GmwYR+xBmg==

"@maika.xyz/kotori@0.0.2":
  version "0.0.2"
  resolved "https://registry.yarnpkg.com/@maika.xyz/kotori/-/kotori-0.0.2.tgz#dfaf5378f52a37f7300f49a2bde6cd0c85602faa"
  integrity sha512-3J1dwZCyuSuszZVypl/g+MZ7uLnryiy/Z9AdvKDx53xrgTozvoQ2KamKzyrwRprrZTP74Tr1kxIdk6WGpWCtCQ==
  dependencies:
    "@maika.xyz/eris-utils" "0.0.2"
    common-tags "1.8.0"
    eris "0.9.0"
    mongoose "5.4.1"

"@maika.xyz/miu@0.0.2":
  version "0.0.2"
  resolved "https://registry.yarnpkg.com/@maika.xyz/miu/-/miu-0.0.2.tgz#060f982af942d6209e3b03b7b026df1cfe471686"
  integrity sha512-XtnUupOWl5Lr+G0vo8QOzhZWuYryiDQiFZiEMVdhMHZyrhHq9KVBKpR1fnUMBa+KhBkeBrrAalKQjaNuZ2r8ig==
  dependencies:
    node-fetch "2.3.0"

"@types/axios@0.14.0":
  version "0.14.0"
  resolved "https://registry.yarnpkg.com/@types/axios/-/axios-0.14.0.tgz#ec2300fbe7d7dddd7eb9d3abf87999964cafce46"
  integrity sha1-7CMA++fX3d1+udOr+HmZlkyvzkY=
  dependencies:
    axios "*"

"@types/node@10.12.18":
  version "10.12.18"
  resolved "https://registry.yarnpkg.com/@types/node/-/node-10.12.18.tgz#1d3ca764718915584fcd9f6344621b7672665c67"
  integrity sha512-fh+pAqt4xRzPfqA6eh3Z2y6fyZavRIumvjhaCL753+TVkGKGhpPeyrJG2JftD0T9q4GF00KjefsQ+PQNDdWQaQ==

async-limiter@~1.0.0:
  version "1.0.0"
  resolved "https://registry.yarnpkg.com/async-limiter/-/async-limiter-1.0.0.tgz#78faed8c3d074ab81f22b4e985d79e8738f720f8"
  integrity sha512-jp/uFnooOiO+L211eZOoSyzpOITMXx1rBITauYykG3BRYPu8h0UcxsPNB04RR5vo4Tyz3+ay17tR6JVf9qzYWg==

async@2.6.1:
  version "2.6.1"
  resolved "https://registry.yarnpkg.com/async/-/async-2.6.1.tgz#b245a23ca71930044ec53fa46aa00a3e87c6a610"
  integrity sha512-fNEiL2+AZt6AlAw/29Cr0UDe4sRAHCpEHh54WMz+Bb7QfNcFw4h3loofyJpLeQs4Yx7yuqu/2dLgM5hKOs6HlQ==
  dependencies:
    lodash "^4.17.10"

axios@*, axios@0.18.0:
  version "0.18.0"
  resolved "https://registry.yarnpkg.com/axios/-/axios-0.18.0.tgz#32d53e4851efdc0a11993b6cd000789d70c05102"
  integrity sha1-MtU+SFHv3AoRmTts0AB4nXDAUQI=
  dependencies:
    follow-redirects "^1.3.0"
    is-buffer "^1.1.5"

bluebird@3.5.1:
  version "3.5.1"
  resolved "https://registry.yarnpkg.com/bluebird/-/bluebird-3.5.1.tgz#d9551f9de98f1fcda1e683d17ee91a0602ee2eb9"
  integrity sha512-MKiLiV+I1AA596t9w1sQJ8jkiSr5+ZKi0WKrYGUn6d1Fx+Ij4tIj+m2WMQSGczs5jZVxV339chE8iwk6F64wjA==

bson@^1.1.0, bson@~1.1.0:
  version "1.1.0"
  resolved "https://registry.yarnpkg.com/bson/-/bson-1.1.0.tgz#bee57d1fb6a87713471af4e32bcae36de814b5b0"
  integrity sha512-9Aeai9TacfNtWXOYarkFJRW2CWo+dRon+fuLZYJmvLV3+MiUp0bEI6IAZfXEIg7/Pl/7IWlLaDnhzTsD81etQA==

common-tags@1.8.0:
  version "1.8.0"
  resolved "https://registry.yarnpkg.com/common-tags/-/common-tags-1.8.0.tgz#8e3153e542d4a39e9b10554434afaaf98956a937"
  integrity sha512-6P6g0uetGpW/sdyUy/iQQCbFF0kWVMSIVSyYz7Zgjcgh8mgw8PQzDNZeyZ5DQ2gM7LBoZPHmnjz8rUthkBG5tw==

debug@3.1.0, debug@=3.1.0:
  version "3.1.0"
  resolved "https://registry.yarnpkg.com/debug/-/debug-3.1.0.tgz#5bb5a0672628b64149566ba16819e61518c67261"
  integrity sha512-OX8XqP7/1a9cqkxYw2yXss15f26NKWBpDXQd0/uK/KPqdQhxbPa994hnzjcE2VqQpDslf55723cKPUOGSmMY3g==
  dependencies:
    ms "2.0.0"

eris@0.9.0:
  version "0.9.0"
  resolved "https://registry.yarnpkg.com/eris/-/eris-0.9.0.tgz#a2796839f7768cd40645c2c6b1bf0c86ba3147f3"
  integrity sha512-U3/fv/wF2nA7Pc003v2cMXfTXvz8OySZYE21Zpx3ipm5sKbHWjcwDGdNXbp2Nb7fUip/IIjA/5540YDcqyQSvQ==
  dependencies:
    ws "^6.0.0"
  optionalDependencies:
    opusscript "^0.0.4"
    tweetnacl "^1.0.0"

follow-redirects@^1.3.0:
  version "1.6.0"
  resolved "https://registry.yarnpkg.com/follow-redirects/-/follow-redirects-1.6.0.tgz#d12452c031e8c67eb6637d861bfc7a8090167933"
  integrity sha512-4Oh4eI3S9OueVV41AgJ1oLjpaJUhbJ7JDGOMhe0AFqoSejl5Q2nn3eGglAzRUKVKZE8jG5MNn66TjCJMAnpsWA==
  dependencies:
    debug "=3.1.0"

is-buffer@^1.1.5:
  version "1.1.6"
  resolved "https://registry.yarnpkg.com/is-buffer/-/is-buffer-1.1.6.tgz#efaa2ea9daa0d7ab2ea13a97b2b8ad51fefbe8be"
  integrity sha512-NcdALwpXkTm5Zvvbk7owOUSvVvBKDgKP5/ewfXEznmQFfs4ZRmanOeKBTjRVjka3QFoN6XJ+9F3USqfHqTaU5w==

kareem@2.3.0:
  version "2.3.0"
  resolved "https://registry.yarnpkg.com/kareem/-/kareem-2.3.0.tgz#ef33c42e9024dce511eeaf440cd684f3af1fc769"
  integrity sha512-6hHxsp9e6zQU8nXsP+02HGWXwTkOEw6IROhF2ZA28cYbUk4eJ6QbtZvdqZOdD9YPKghG3apk5eOCvs+tLl3lRg==

lodash.get@4.4.2:
  version "4.4.2"
  resolved "https://registry.yarnpkg.com/lodash.get/-/lodash.get-4.4.2.tgz#2d177f652fa31e939b4438d5341499dfa3825e99"
  integrity sha1-LRd/ZS+jHpObRDjVNBSZ36OCXpk=

lodash@^4.17.10:
  version "4.17.11"
  resolved "https://registry.yarnpkg.com/lodash/-/lodash-4.17.11.tgz#b39ea6229ef607ecd89e2c8df12536891cac9b8d"
  integrity sha512-cQKh8igo5QUhZ7lg38DYWAxMvjSAKG0A8wGSVimP07SIUEK2UO+arSRKbRZWtelMtN5V0Hkwh5ryOto/SshYIg==

memory-pager@^1.0.2:
  version "1.4.0"
  resolved "https://registry.yarnpkg.com/memory-pager/-/memory-pager-1.4.0.tgz#8902c72ce2fa34319adc0dae586b7d83cec6d6ac"
  integrity sha512-ycuyV5gKpZln7HB/A11wCpAxEY9VQ2EhYU1F56pUAxvmj6OyOHtB9tkLLjAyFsPdghSP2S3Ujk3aYJCusgiMZg==

mongodb-core@3.1.9:
  version "3.1.9"
  resolved "https://registry.yarnpkg.com/mongodb-core/-/mongodb-core-3.1.9.tgz#c31ee407bf932b0149eaed775c17ee09974e4ca3"
  integrity sha512-MJpciDABXMchrZphh3vMcqu8hkNf/Mi+Gk6btOimVg1XMxLXh87j6FAvRm+KmwD1A9fpu3qRQYcbQe4egj23og==
  dependencies:
    bson "^1.1.0"
    require_optional "^1.0.1"
    safe-buffer "^5.1.2"
  optionalDependencies:
    saslprep "^1.0.0"

mongodb@3.1.10:
  version "3.1.10"
  resolved "https://registry.yarnpkg.com/mongodb/-/mongodb-3.1.10.tgz#45ad9b74ea376f4122d0881b75e5489b9e504ed7"
  integrity sha512-Uml42GeFxhTGQVml1XQ4cD0o/rp7J2ROy0fdYUcVitoE7vFqEhKH4TYVqRDpQr/bXtCJVxJdNQC1ntRxNREkPQ==
  dependencies:
    mongodb-core "3.1.9"
    safe-buffer "^5.1.2"

mongoose-legacy-pluralize@1.0.2:
  version "1.0.2"
  resolved "https://registry.yarnpkg.com/mongoose-legacy-pluralize/-/mongoose-legacy-pluralize-1.0.2.tgz#3ba9f91fa507b5186d399fb40854bff18fb563e4"
  integrity sha512-Yo/7qQU4/EyIS8YDFSeenIvXxZN+ld7YdV9LqFVQJzTLye8unujAWPZ4NWKfFA+RNjh+wvTWKY9Z3E5XM6ZZiQ==

mongoose@5.4.1:
  version "5.4.1"
  resolved "https://registry.yarnpkg.com/mongoose/-/mongoose-5.4.1.tgz#0e1535bb2653426c9ee8fffbf4fa0ba57bb196e7"
  integrity sha512-9lST8rek83apkG+gv4exI56kJ8/aJ7nZP+zAL1ezOhgfDqQM/S4U1DcsF1hL0cOTSmcip8BdT1xby9ItCFmbvA==
  dependencies:
    async "2.6.1"
    bson "~1.1.0"
    kareem "2.3.0"
    lodash.get "4.4.2"
    mongodb "3.1.10"
    mongodb-core "3.1.9"
    mongoose-legacy-pluralize "1.0.2"
    mpath "0.5.1"
    mquery "3.2.0"
    ms "2.0.0"
    regexp-clone "0.0.1"
    safe-buffer "5.1.2"
    sliced "1.0.1"

mpath@0.5.1:
  version "0.5.1"
  resolved "https://registry.yarnpkg.com/mpath/-/mpath-0.5.1.tgz#17131501f1ff9e6e4fbc8ffa875aa7065b5775ab"
  integrity sha512-H8OVQ+QEz82sch4wbODFOz+3YQ61FYz/z3eJ5pIdbMEaUzDqA268Wd+Vt4Paw9TJfvDgVKaayC0gBzMIw2jhsg==

mquery@3.2.0:
  version "3.2.0"
  resolved "https://registry.yarnpkg.com/mquery/-/mquery-3.2.0.tgz#e276472abd5109686a15eb2a8e0761db813c81cc"
  integrity sha512-qPJcdK/yqcbQiKoemAt62Y0BAc0fTEKo1IThodBD+O5meQRJT/2HSe5QpBNwaa4CjskoGrYWsEyjkqgiE0qjhg==
  dependencies:
    bluebird "3.5.1"
    debug "3.1.0"
    regexp-clone "0.0.1"
    safe-buffer "5.1.2"
    sliced "1.0.1"

ms@2.0.0:
  version "2.0.0"
  resolved "https://registry.yarnpkg.com/ms/-/ms-2.0.0.tgz#5608aeadfc00be6c2901df5f9861788de0d597c8"
  integrity sha1-VgiurfwAvmwpAd9fmGF4jeDVl8g=

node-fetch@2.3.0:
  version "2.3.0"
  resolved "https://registry.yarnpkg.com/node-fetch/-/node-fetch-2.3.0.tgz#1a1d940bbfb916a1d3e0219f037e89e71f8c5fa5"
  integrity sha512-MOd8pV3fxENbryESLgVIeaGKrdl+uaYhCSSVkjeOb/31/njTpcis5aWfdqgNlHIrKOLRbMnfPINPOML2CIFeXA==

opusscript@^0.0.4:
  version "0.0.4"
  resolved "https://registry.yarnpkg.com/opusscript/-/opusscript-0.0.4.tgz#c718edcfdcd2a1f55fadb266dd07268d4a46afde"
  integrity sha512-bEPZFE2lhUJYQD5yfTFO4RhbRZ937x6hRwBC1YoGacT35bwDVwKFP1+amU8NYfZL/v4EU7ZTU3INTqzYAnuP7Q==

regexp-clone@0.0.1:
  version "0.0.1"
  resolved "https://registry.yarnpkg.com/regexp-clone/-/regexp-clone-0.0.1.tgz#a7c2e09891fdbf38fbb10d376fb73003e68ac589"
  integrity sha1-p8LgmJH9vzj7sQ03b7cwA+aKxYk=

require_optional@^1.0.1:
  version "1.0.1"
  resolved "https://registry.yarnpkg.com/require_optional/-/require_optional-1.0.1.tgz#4cf35a4247f64ca3df8c2ef208cc494b1ca8fc2e"
  integrity sha512-qhM/y57enGWHAe3v/NcwML6a3/vfESLe/sGM2dII+gEO0BpKRUkWZow/tyloNqJyN6kXSl3RyyM8Ll5D/sJP8g==
  dependencies:
    resolve-from "^2.0.0"
    semver "^5.1.0"

resolve-from@^2.0.0:
  version "2.0.0"
  resolved "https://registry.yarnpkg.com/resolve-from/-/resolve-from-2.0.0.tgz#9480ab20e94ffa1d9e80a804c7ea147611966b57"
  integrity sha1-lICrIOlP+h2egKgEx+oUdhGWa1c=

safe-buffer@5.1.2, safe-buffer@^5.1.2:
  version "5.1.2"
  resolved "https://registry.yarnpkg.com/safe-buffer/-/safe-buffer-5.1.2.tgz#991ec69d296e0313747d59bdfd2b745c35f8828d"
  integrity sha512-Gd2UZBJDkXlY7GbJxfsE8/nvKkUEU1G38c1siN6QP6a9PT9MmHB8GnpscSmMJSoF8LOIrt8ud/wPtojys4G6+g==

saslprep@^1.0.0:
  version "1.0.2"
  resolved "https://registry.yarnpkg.com/saslprep/-/saslprep-1.0.2.tgz#da5ab936e6ea0bbae911ffec77534be370c9f52d"
  integrity sha512-4cDsYuAjXssUSjxHKRe4DTZC0agDwsCqcMqtJAQPzC74nJ7LfAJflAtC1Zed5hMzEQKj82d3tuzqdGNRsLJ4Gw==
  dependencies:
    sparse-bitfield "^3.0.3"

semver@^5.1.0:
  version "5.6.0"
  resolved "https://registry.yarnpkg.com/semver/-/semver-5.6.0.tgz#7e74256fbaa49c75aa7c7a205cc22799cac80004"
  integrity sha512-RS9R6R35NYgQn++fkDWaOmqGoj4Ek9gGs+DPxNUZKuwE183xjJroKvyo1IzVFeXvUrvmALy6FWD5xrdJT25gMg==

sliced@1.0.1:
  version "1.0.1"
  resolved "https://registry.yarnpkg.com/sliced/-/sliced-1.0.1.tgz#0b3a662b5d04c3177b1926bea82b03f837a2ef41"
  integrity sha1-CzpmK10Ewxd7GSa+qCsD+Dei70E=

sparse-bitfield@^3.0.3:
  version "3.0.3"
  resolved "https://registry.yarnpkg.com/sparse-bitfield/-/sparse-bitfield-3.0.3.tgz#ff4ae6e68656056ba4b3e792ab3334d38273ca11"
  integrity sha1-/0rm5oZWBWuks+eSqzM004JzyhE=
  dependencies:
    memory-pager "^1.0.2"

tweetnacl@^1.0.0:
  version "1.0.0"
  resolved "https://registry.yarnpkg.com/tweetnacl/-/tweetnacl-1.0.0.tgz#713d8b818da42068740bf68386d0479e66fc8a7b"
  integrity sha1-cT2LgY2kIGh0C/aDhtBHnmb8ins=

typescript@3.2.2:
  version "3.2.2"
  resolved "https://registry.yarnpkg.com/typescript/-/typescript-3.2.2.tgz#fe8101c46aa123f8353523ebdcf5730c2ae493e5"
  integrity sha512-VCj5UiSyHBjwfYacmDuc/NOk4QQixbE+Wn7MFJuS0nRuPQbof132Pw4u53dm264O8LPc2MVsc7RJNml5szurkg==

ws@^6.0.0:
  version "6.1.2"
  resolved "https://registry.yarnpkg.com/ws/-/ws-6.1.2.tgz#3cc7462e98792f0ac679424148903ded3b9c3ad8"
  integrity sha512-rfUqzvz0WxmSXtJpPMX2EeASXabOrSMk1ruMOV3JBTBjo4ac2lDjGGsbQSyxj8Odhw5fBib8ZKEjDNvgouNKYw==
  dependencies:
    async-limiter "~1.0.0"

wumpston@0.0.4:
  version "0.0.4"
  resolved "https://registry.yarnpkg.com/wumpston/-/wumpston-0.0.4.tgz#153067cec151a6c2a3d402878e6961b49f08f1aa"
  integrity sha512-0SD8bRDRHGHC0f/v6lMYs0KaBsI/20CGkwOo1JgmjPRWohDA21PfyyF2h0qxVUeSuVnc6Tbo8c68pZn0XH1wEQ==
